<?xml version="1.0" encoding="utf-8"?>
<Project ToolsVersion="4.0" xmlns="http://schemas.microsoft.com/developer/msbuild/2003">
  <ItemGroup>
    <Filter Include="Source Files">
      <UniqueIdentifier>{4FC737F1-C7A5-4376-A066-2A32D752A2FF}</UniqueIdentifier>
      <Extensions>cpp;c;cc;cxx;def;odl;idl;hpj;bat;asm;asmx</Extensions>
    </Filter>
    <Filter Include="Header Files">
      <UniqueIdentifier>{93995380-89BD-4b04-88EB-625FBE52EBFB}</UniqueIdentifier>
      <Extensions>h;hh;hpp;hxx;hm;inl;inc;xsd</Extensions>
    </Filter>
    <Filter Include="Resource Files">
      <UniqueIdentifier>{67DA6AB6-F800-4c08-8B7A-83BB121AAD01}</UniqueIdentifier>
      <Extensions>rc;ico;cur;bmp;dlg;rc2;rct;bin;rgs;gif;jpg;jpeg;jpe;resx;tiff;tif;png;wav;mfcribbon-ms</Extensions>
    </Filter>
    <Filter Include="Header Files\core">
      <UniqueIdentifier>{7e28e46c-79a8-40f5-bea9-3672b61de19b}</UniqueIdentifier>
    </Filter>
    <Filter Include="Source Files\core">
      <UniqueIdentifier>{48732053-90d6-41a6-922b-62a6714b1f94}</UniqueIdentifier>
    </Filter>
  </ItemGroup>
  <ItemGroup>
    <ClInclude Include="cpp-smallpt\core\cpp-smallpt.hpp">
      <Filter>Header Files\core</Filter>
    </ClInclude>
    <ClInclude Include="cpp-smallpt\core\geometry.hpp">
      <Filter>Header Files\core</Filter>
    </ClInclude>
    <ClInclude Include="cpp-smallpt\core\imageio.hpp">
      <Filter>Header Files\core</Filter>
    </ClInclude>
    <ClInclude Include="cpp-smallpt\core\math_tools.hpp">
      <Filter>Header Files\core</Filter>
    </ClInclude>
    <ClInclude Include="cpp-smallpt\core\rng.hpp">
      <Filter>Header Files\core</Filter>
    </ClInclude>
    <ClInclude Include="cpp-smallpt\core\sampling.hpp">
      <Filter>Header Files\core</Filter>
    </ClInclude>
    <ClInclude Include="cpp-smallpt\core\specular.hpp">
      <Filter>Header Files\core</Filter>
    </ClInclude>
    <ClInclude Include="cpp-smallpt\core\sphere.hpp">
      <Filter>Header Files\core</Filter>
    </ClInclude>
    <ClInclude Include="cpp-smallpt\core\stdafx.h">
      <Filter>Header Files\core</Filter>
    </ClInclude>
    <ClInclude Include="cpp-smallpt\core\targetver.h">
      <Filter>Header Files\core</Filter>
    </ClInclude>
    <ClInclude Include="cpp-smallpt\core\vector.hpp">
      <Filter>Header Files\core</Filter>
    </ClInclude>
    <ClInclude Include="cpp-smallpt\core\lock.hpp">
      <Filter>Header Files\core</Filter>
    </ClInclude>
    <ClInclude Include="cpp-smallpt\core\task.hpp">
      <Filter>Header Files\core</Filter>
    </ClInclude>
  </ItemGroup>
  <ItemGroup>
    <ClCompile Include="cpp-smallpt\core\cpp-smallpt.cpp">
      <Filter>Source Files\core</Filter>
    </ClCompile>
    <ClCompile Include="cpp-smallpt\core\stdafx.cpp">
      <Filter>Source Files\core</Filter>
    </ClCompile>
    <ClCompile Include="cpp-smallpt\core\task.cpp">
      <Filter>Source Files\core</Filter>
    </ClCompile>
    <ClCompile Include="cpp-smallpt\core\lock.cpp">
      <Filter>Source Files\core</Filter>
    </ClCompile>
  </ItemGroup>
</Project>